
Microsoft Visual Studio Solution File, Format Version 12.00
# Visual Studio 15
VisualStudioVersion = 15.0.27130.2027
MinimumVisualStudioVersion = 10.0.40219.1
Project("{FAE04EC0-301F-11D3-BF4B-00C04F79EFBC}") = "TCMManagement", "TCMManagement\TCMManagement.csproj", "{4DBE3917-6454-4750-8177-4D00A6F3D042}"
EndProject
Project("{FAE04EC0-301F-11D3-BF4B-00C04F79EFBC}") = "TCMManagement.Test", "TCMManagement.Test\TCMManagement.Test.csproj", "{DD199B80-36A4-452C-B859-9831C9C1AB24}"
EndProject
Global
	GlobalSection(SolutionConfigurationPlatforms) = preSolution
		Debug|Any CPU = Debug|Any CPU
		Release|Any CPU = Release|Any CPU
	EndGlobalSection
	GlobalSection(ProjectConfigurationPlatforms) = postSolution
		{4DBE3917-6454-4750-8177-4D00A6F3D042}.Debug|Any CPU.ActiveCfg = Debug|Any CPU
		{4DBE3917-6454-4750-8177-4D00A6F3D042}.Debug|Any CPU.Build.0 = Debug|Any CPU
		{4DBE3917-6454-4750-8177-4D00A6F3D042}.Release|Any CPU.ActiveCfg = Release|Any CPU
		{4DBE3917-6454-4750-8177-4D00A6F3D042}.Release|Any CPU.Build.0 = Release|Any CPU
		{DD199B80-36A4-452C-B859-9831C9C1AB24}.Debug|Any CPU.ActiveCfg = Debug|Any CPU
		{DD199B80-36A4-452C-B859-9831C9C1AB24}.Debug|Any CPU.Build.0 = Debug|Any CPU
		{DD199B80-36A4-452C-B859-9831C9C1AB24}.Release|Any CPU.ActiveCfg = Release|Any CPU
		{DD199B80-36A4-452C-B859-9831C9C1AB24}.Release|Any CPU.Build.0 = Release|Any CPU
	EndGlobalSection
	GlobalSection(SolutionProperties) = preSolution
		HideSolutionNode = FALSE
	EndGlobalSection
	GlobalSection(ExtensibilityGlobals) = postSolution
		SolutionGuid = {35FCF24C-8083-41A8-83D8-790F13A0B61B}
	EndGlobalSection
EndGlobal
